
Microsoft Visual Studio Solution File, Format Version 12.00
# Visual Studio Version 16
VisualStudioVersion = 16.0.29215.179
MinimumVisualStudioVersion = 10.0.40219.1
Project("{FAE04EC0-301F-11D3-BF4B-00C04F79EFBC}") = "expense-api", "expense-api\expense-api.csproj", "{77B66163-94FC-4DAE-89D5-D5850C0015EE}"
EndProject
Project("{2150E333-8FDC-42A3-9474-1A3956D46DE8}") = "tests", "tests", "{905B0868-BF04-45C7-B203-B6A5837C9CE4}"
EndProject
Project("{FAE04EC0-301F-11D3-BF4B-00C04F79EFBC}") = "expense-api.tests", "expense-api.tests\expense-api.tests.csproj", "{41099954-E7CE-4628-855F-270EB10A30E1}"
EndProject
Global
	GlobalSection(SolutionConfigurationPlatforms) = preSolution
		Debug|Any CPU = Debug|Any CPU
		Release|Any CPU = Release|Any CPU
	EndGlobalSection
	GlobalSection(ProjectConfigurationPlatforms) = postSolution
		{77B66163-94FC-4DAE-89D5-D5850C0015EE}.Debug|Any CPU.ActiveCfg = Debug|Any CPU
		{77B66163-94FC-4DAE-89D5-D5850C0015EE}.Debug|Any CPU.Build.0 = Debug|Any CPU
		{77B66163-94FC-4DAE-89D5-D5850C0015EE}.Release|Any CPU.ActiveCfg = Release|Any CPU
		{77B66163-94FC-4DAE-89D5-D5850C0015EE}.Release|Any CPU.Build.0 = Release|Any CPU
		{41099954-E7CE-4628-855F-270EB10A30E1}.Debug|Any CPU.ActiveCfg = Debug|Any CPU
		{41099954-E7CE-4628-855F-270EB10A30E1}.Debug|Any CPU.Build.0 = Debug|Any CPU
		{41099954-E7CE-4628-855F-270EB10A30E1}.Release|Any CPU.ActiveCfg = Release|Any CPU
		{41099954-E7CE-4628-855F-270EB10A30E1}.Release|Any CPU.Build.0 = Release|Any CPU
	EndGlobalSection
	GlobalSection(SolutionProperties) = preSolution
		HideSolutionNode = FALSE
	EndGlobalSection
	GlobalSection(NestedProjects) = preSolution
		{41099954-E7CE-4628-855F-270EB10A30E1} = {905B0868-BF04-45C7-B203-B6A5837C9CE4}
	EndGlobalSection
	GlobalSection(ExtensibilityGlobals) = postSolution
		SolutionGuid = {C62B3A1A-741D-4BD4-9680-8DC1E9007C8A}
	EndGlobalSection
EndGlobal
